Microsoft Visual Studio Solution File, Format Version 12.00
# Visual Studio Version 17
VisualStudioVersion = 17.5.2.0
MinimumVisualStudioVersion = 10.0.40219.1
Project("{FAE04EC0-301F-11D3-BF4B-00C04F79EFBC}") = "1. Hello World", "1. Hello World.csproj", "{7953F3E2-FE0B-28F4-9F90-BB68FA1C2E52}"
EndProject
Global
	GlobalSection(SolutionConfigurationPlatforms) = preSolution
		Debug|Any CPU = Debug|Any CPU
		Release|Any CPU = Release|Any CPU
	EndGlobalSection
	GlobalSection(ProjectConfigurationPlatforms) = postSolution
		{7953F3E2-FE0B-28F4-9F90-BB68FA1C2E52}.Debug|Any CPU.ActiveCfg = Debug|Any CPU
		{7953F3E2-FE0B-28F4-9F90-BB68FA1C2E52}.Debug|Any CPU.Build.0 = Debug|Any CPU
		{7953F3E2-FE0B-28F4-9F90-BB68FA1C2E52}.Release|Any CPU.ActiveCfg = Release|Any CPU
		{7953F3E2-FE0B-28F4-9F90-BB68FA1C2E52}.Release|Any CPU.Build.0 = Release|Any CPU
	EndGlobalSection
	GlobalSection(SolutionProperties) = preSolution
		HideSolutionNode = FALSE
	EndGlobalSection
	GlobalSection(ExtensibilityGlobals) = postSolution
		SolutionGuid = {0E7FD240-33DB-43C9-909F-310B139C7AFB}
	EndGlobalSection
EndGlobal
