Microsoft Visual Studio Solution File, Format Version 12.00
# Visual Studio Version 17
VisualStudioVersion = 17.5.2.0
MinimumVisualStudioVersion = 10.0.40219.1
Project("{FAE04EC0-301F-11D3-BF4B-00C04F79EFBC}") = "2. Variables and data types", "2. Variables and data types.csproj", "{C81CD211-C80D-47FA-FF16-6EA4FF166B1C}"
EndProject
Global
	GlobalSection(SolutionConfigurationPlatforms) = preSolution
		Debug|Any CPU = Debug|Any CPU
		Release|Any CPU = Release|Any CPU
	EndGlobalSection
	GlobalSection(ProjectConfigurationPlatforms) = postSolution
		{C81CD211-C80D-47FA-FF16-6EA4FF166B1C}.Debug|Any CPU.ActiveCfg = Debug|Any CPU
		{C81CD211-C80D-47FA-FF16-6EA4FF166B1C}.Debug|Any CPU.Build.0 = Debug|Any CPU
		{C81CD211-C80D-47FA-FF16-6EA4FF166B1C}.Release|Any CPU.ActiveCfg = Release|Any CPU
		{C81CD211-C80D-47FA-FF16-6EA4FF166B1C}.Release|Any CPU.Build.0 = Release|Any CPU
	EndGlobalSection
	GlobalSection(SolutionProperties) = preSolution
		HideSolutionNode = FALSE
	EndGlobalSection
	GlobalSection(ExtensibilityGlobals) = postSolution
		SolutionGuid = {03743DF4-C351-4E23-BC9A-C6CEF4D9CD87}
	EndGlobalSection
EndGlobal
